// !$*UTF8*$!
{
	archiveVersion = 1;
	classes = {
	};
	objectVersion = 45;
	objects = {

/* Begin PBXBuildFile section */
		1D3623260D0F684500981E51 /* trainsimAppDelegate.mm in Sources */ = {isa = PBXBuildFile; fileRef = 1D3623250D0F684500981E51 /* trainsimAppDelegate.mm */; };
		1D60589B0D05DD56006BFB54 /* main.m in Sources */ = {isa = PBXBuildFile; fileRef = 29B97316FDCFA39411CA2CEA /* main.m */; };
		1D60589F0D05DD5A006BFB54 /* Foundation.framework in Frameworks */ = {isa = PBXBuildFile; fileRef = 1D30AB110D05D00D00671497 /* Foundation.framework */; };
		1DF5F4E00D08C38300B7A737 /* UIKit.framework in Frameworks */ = {isa = PBXBuildFile; fileRef = 1DF5F4DF0D08C38300B7A737 /* UIKit.framework */; };
		2514C27310084DB100A42282 /* ES2Renderer.mm in Sources */ = {isa = PBXBuildFile; fileRef = 2514C27010084DB100A42282 /* ES2Renderer.mm */; };
		2514C27B10084DCA00A42282 /* Shader.fsh in Resources */ = {isa = PBXBuildFile; fileRef = 2514C27910084DCA00A42282 /* Shader.fsh */; };
		2514C27C10084DCA00A42282 /* Shader.vsh in Resources */ = {isa = PBXBuildFile; fileRef = 2514C27A10084DCA00A42282 /* Shader.vsh */; };
		28AD733F0D9D9553002E5188 /* MainWindow.xib in Resources */ = {isa = PBXBuildFile; fileRef = 28AD733E0D9D9553002E5188 /* MainWindow.xib */; };
		28FD14FE0DC6FC130079059D /* EAGLView.mm in Sources */ = {isa = PBXBuildFile; fileRef = 28FD14FD0DC6FC130079059D /* EAGLView.mm */; };
		28FD15000DC6FC520079059D /* OpenGLES.framework in Frameworks */ = {isa = PBXBuildFile; fileRef = 28FD14FF0DC6FC520079059D /* OpenGLES.framework */; };
		28FD15080DC6FC5B0079059D /* QuartzCore.framework in Frameworks */ = {isa = PBXBuildFile; fileRef = 28FD15070DC6FC5B0079059D /* QuartzCore.framework */; };
		3C0FC242119896D300F756DA /* Matrix.cpp in Sources */ = {isa = PBXBuildFile; fileRef = 3C0FC241119896D300F756DA /* Matrix.cpp */; };
		3C0FC2611198A21000F756DA /* Vector.cpp in Sources */ = {isa = PBXBuildFile; fileRef = 3C0FC2601198A21000F756DA /* Vector.cpp */; };
		3C52880B120CA79200B04541 /* testship.m3d in Resources */ = {isa = PBXBuildFile; fileRef = 3C52880A120CA79200B04541 /* testship.m3d */; };
		3C9B380211CE8B950025BD96 /* Accelerate.framework in Frameworks */ = {isa = PBXBuildFile; fileRef = 3C9B380111CE8B950025BD96 /* Accelerate.framework */; };
		3CC702DE119ADBED00A21658 /* TerrainRender.cpp in Sources */ = {isa = PBXBuildFile; fileRef = 3CC702DD119ADBED00A21658 /* TerrainRender.cpp */; };
		3CD8BF0111A72A7A000ECE51 /* ES1Renderer.mm in Sources */ = {isa = PBXBuildFile; fileRef = 2514C26E10084DB100A42282 /* ES1Renderer.mm */; };
		3CEB805611DE9C900040D29E /* CoreFoundation.framework in Frameworks */ = {isa = PBXBuildFile; fileRef = 3CEB805511DE9C900040D29E /* CoreFoundation.framework */; };
		3CFE82FA11DAB9DA0010C829 /* Resource.cpp in Sources */ = {isa = PBXBuildFile; fileRef = 3CFE82F911DAB9DA0010C829 /* Resource.cpp */; };
		3CFE830811DABA560010C829 /* FileStream.cpp in Sources */ = {isa = PBXBuildFile; fileRef = 3CFE830611DABA560010C829 /* FileStream.cpp */; };
		3CFE830D11DABA640010C829 /* MainLoop.cpp in Sources */ = {isa = PBXBuildFile; fileRef = 3CFE830A11DABA640010C829 /* MainLoop.cpp */; };
		3CFE831011DABA6D0010C829 /* TestPyramidRender.cpp in Sources */ = {isa = PBXBuildFile; fileRef = 3CFE830E11DABA6D0010C829 /* TestPyramidRender.cpp */; };
		3CFE831711DABA930010C829 /* ResourceManager.cpp in Sources */ = {isa = PBXBuildFile; fileRef = 3CFE831311DABA930010C829 /* ResourceManager.cpp */; };
		3CFE831811DABA930010C829 /* ResourceType.cpp in Sources */ = {isa = PBXBuildFile; fileRef = 3CFE831511DABA930010C829 /* ResourceType.cpp */; };
		3CFE831B11DABA9C0010C829 /* TestPyramid.cpp in Sources */ = {isa = PBXBuildFile; fileRef = 3CFE831911DABA9C0010C829 /* TestPyramid.cpp */; };
/* End PBXBuildFile section */

/* Begin PBXFileReference section */
		1D30AB110D05D00D00671497 /* Foundation.framework */ = {isa = PBXFileReference; lastKnownFileType = wrapper.framework; name = Foundation.framework; path = System/Library/Frameworks/Foundation.framework; sourceTree = SDKROOT; };
		1D3623240D0F684500981E51 /* trainsimAppDelegate.h */ = {isa = PBXFileReference; fileEncoding = 4; lastKnownFileType = sourcecode.c.h; path = trainsimAppDelegate.h; sourceTree = "<group>"; };
		1D3623250D0F684500981E51 /* trainsimAppDelegate.mm */ = {isa = PBXFileReference; fileEncoding = 4; lastKnownFileType = sourcecode.cpp.objcpp; path = trainsimAppDelegate.mm; sourceTree = "<group>"; };
		1D6058910D05DD3D006BFB54 /* MythrealEngine.app */ = {isa = PBXFileReference; explicitFileType = wrapper.application; includeInIndex = 0; path = MythrealEngine.app; sourceTree = BUILT_PRODUCTS_DIR; };
		1DF5F4DF0D08C38300B7A737 /* UIKit.framework */ = {isa = PBXFileReference; lastKnownFileType = wrapper.framework; name = UIKit.framework; path = System/Library/Frameworks/UIKit.framework; sourceTree = SDKROOT; };
		2514C26D10084DB100A42282 /* ES1Renderer.h */ = {isa = PBXFileReference; fileEncoding = 4; lastKnownFileType = sourcecode.c.h; path = ES1Renderer.h; sourceTree = "<group>"; };
		2514C26E10084DB100A42282 /* ES1Renderer.mm */ = {isa = PBXFileReference; fileEncoding = 4; lastKnownFileType = sourcecode.cpp.objcpp; path = ES1Renderer.mm; sourceTree = "<group>"; };
		2514C26F10084DB100A42282 /* ES2Renderer.h */ = {isa = PBXFileReference; fileEncoding = 4; lastKnownFileType = sourcecode.c.h; path = ES2Renderer.h; sourceTree = "<group>"; };
		2514C27010084DB100A42282 /* ES2Renderer.mm */ = {isa = PBXFileReference; fileEncoding = 4; lastKnownFileType = sourcecode.cpp.objcpp; path = ES2Renderer.mm; sourceTree = "<group>"; };
		2514C27110084DB100A42282 /* ESRenderer.h */ = {isa = PBXFileReference; fileEncoding = 4; lastKnownFileType = sourcecode.c.h; path = ESRenderer.h; sourceTree = "<group>"; };
		2514C27910084DCA00A42282 /* Shader.fsh */ = {isa = PBXFileReference; fileEncoding = 4; lastKnownFileType = sourcecode.glsl; name = Shader.fsh; path = Shaders/Shader.fsh; sourceTree = "<group>"; };
		2514C27A10084DCA00A42282 /* Shader.vsh */ = {isa = PBXFileReference; fileEncoding = 4; lastKnownFileType = sourcecode.glsl; name = Shader.vsh; path = Shaders/Shader.vsh; sourceTree = "<group>"; };
		28AD733E0D9D9553002E5188 /* MainWindow.xib */ = {isa = PBXFileReference; lastKnownFileType = file.xib; path = MainWindow.xib; sourceTree = "<group>"; };
		28FD14FC0DC6FC130079059D /* EAGLView.h */ = {isa = PBXFileReference; fileEncoding = 4; lastKnownFileType = sourcecode.c.h; path = EAGLView.h; sourceTree = "<group>"; };
		28FD14FD0DC6FC130079059D /* EAGLView.mm */ = {isa = PBXFileReference; fileEncoding = 4; lastKnownFileType = sourcecode.cpp.objcpp; path = EAGLView.mm; sourceTree = "<group>"; };
		28FD14FF0DC6FC520079059D /* OpenGLES.framework */ = {isa = PBXFileReference; lastKnownFileType = wrapper.framework; name = OpenGLES.framework; path = System/Library/Frameworks/OpenGLES.framework; sourceTree = SDKROOT; };
		28FD15070DC6FC5B0079059D /* QuartzCore.framework */ = {isa = PBXFileReference; lastKnownFileType = wrapper.framework; name = QuartzCore.framework; path = System/Library/Frameworks/QuartzCore.framework; sourceTree = SDKROOT; };
		29B97316FDCFA39411CA2CEA /* main.m */ = {isa = PBXFileReference; fileEncoding = 4; lastKnownFileType = sourcecode.c.objc; path = main.m; sourceTree = "<group>"; };
		32CA4F630368D1EE00C91783 /* MythrealEngine_Prefix.pch */ = {isa = PBXFileReference; fileEncoding = 4; lastKnownFileType = sourcecode.c.h; path = MythrealEngine_Prefix.pch; sourceTree = "<group>"; };
		3C0FC240119896D300F756DA /* Matrix.h */ = {isa = PBXFileReference; fileEncoding = 4; lastKnownFileType = sourcecode.c.h; name = Matrix.h; path = src/math/Matrix.h; sourceTree = "<group>"; };
		3C0FC241119896D300F756DA /* Matrix.cpp */ = {isa = PBXFileReference; fileEncoding = 4; lastKnownFileType = sourcecode.cpp.cpp; name = Matrix.cpp; path = src/math/Matrix.cpp; sourceTree = "<group>"; };
		3C0FC24A11989A8100F756DA /* Types.h */ = {isa = PBXFileReference; fileEncoding = 4; lastKnownFileType = sourcecode.c.h; name = Types.h; path = src/core/Types.h; sourceTree = "<group>"; };
		3C0FC25F1198A21000F756DA /* Vector.h */ = {isa = PBXFileReference; fileEncoding = 4; lastKnownFileType = sourcecode.c.h; name = Vector.h; path = src/math/Vector.h; sourceTree = "<group>"; };
		3C0FC2601198A21000F756DA /* Vector.cpp */ = {isa = PBXFileReference; fileEncoding = 4; lastKnownFileType = sourcecode.cpp.cpp; name = Vector.cpp; path = src/math/Vector.cpp; sourceTree = "<group>"; };
		3C52880A120CA79200B04541 /* testship.m3d */ = {isa = PBXFileReference; lastKnownFileType = file; name = testship.m3d; path = /Users/ian/Documents/testship.m3d; sourceTree = "<absolute>"; };
		3C9B380111CE8B950025BD96 /* Accelerate.framework */ = {isa = PBXFileReference; lastKnownFileType = wrapper.framework; name = Accelerate.framework; path = System/Library/Frameworks/Accelerate.framework; sourceTree = SDKROOT; };
		3CC702DC119ADBED00A21658 /* TerrainRender.h */ = {isa = PBXFileReference; fileEncoding = 4; lastKnownFileType = sourcecode.c.h; name = TerrainRender.h; path = src/graphics/TerrainRender.h; sourceTree = "<group>"; };
		3CC702DD119ADBED00A21658 /* TerrainRender.cpp */ = {isa = PBXFileReference; fileEncoding = 4; lastKnownFileType = sourcecode.cpp.cpp; name = TerrainRender.cpp; path = src/graphics/TerrainRender.cpp; sourceTree = "<group>"; };
		3CDA4CAE120C75B100B81D3F /* testm3d.cpp */ = {isa = PBXFileReference; fileEncoding = 4; lastKnownFileType = sourcecode.cpp.cpp; name = testm3d.cpp; path = src/scene/testm3d.cpp; sourceTree = "<group>"; };
		3CDA4CAF120C75B100B81D3F /* testm3d.h */ = {isa = PBXFileReference; fileEncoding = 4; lastKnownFileType = sourcecode.c.h; name = testm3d.h; path = src/scene/testm3d.h; sourceTree = "<group>"; };
		3CDA4CB1120C768300B81D3F /* testm3drender.cpp */ = {isa = PBXFileReference; fileEncoding = 4; lastKnownFileType = sourcecode.cpp.cpp; name = testm3drender.cpp; path = src/graphics/testm3drender.cpp; sourceTree = "<group>"; };
		3CDA4CB2120C768300B81D3F /* testm3drender.h */ = {isa = PBXFileReference; fileEncoding = 4; lastKnownFileType = sourcecode.c.h; name = testm3drender.h; path = src/graphics/testm3drender.h; sourceTree = "<group>"; };
		3CEB805511DE9C900040D29E /* CoreFoundation.framework */ = {isa = PBXFileReference; lastKnownFileType = wrapper.framework; name = CoreFoundation.framework; path = System/Library/Frameworks/CoreFoundation.framework; sourceTree = SDKROOT; };
		3CFE82F811DAB9DA0010C829 /* Resource.h */ = {isa = PBXFileReference; fileEncoding = 4; lastKnownFileType = sourcecode.c.h; name = Resource.h; path = src/Resource/Resource.h; sourceTree = "<group>"; };
		3CFE82F911DAB9DA0010C829 /* Resource.cpp */ = {isa = PBXFileReference; fileEncoding = 4; lastKnownFileType = sourcecode.cpp.cpp; name = Resource.cpp; path = src/Resource/Resource.cpp; sourceTree = "<group>"; };
		3CFE830611DABA560010C829 /* FileStream.cpp */ = {isa = PBXFileReference; fileEncoding = 4; lastKnownFileType = sourcecode.cpp.cpp; name = FileStream.cpp; path = src/core/FileStream.cpp; sourceTree = "<group>"; };
		3CFE830711DABA560010C829 /* FileStream.h */ = {isa = PBXFileReference; fileEncoding = 4; lastKnownFileType = sourcecode.c.h; name = FileStream.h; path = src/core/FileStream.h; sourceTree = "<group>"; };
		3CFE830911DABA5C0010C829 /* Globals.h */ = {isa = PBXFileReference; fileEncoding = 4; lastKnownFileType = sourcecode.c.h; name = Globals.h; path = src/core/Globals.h; sourceTree = "<group>"; };
		3CFE830A11DABA640010C829 /* MainLoop.cpp */ = {isa = PBXFileReference; fileEncoding = 4; lastKnownFileType = sourcecode.cpp.cpp; name = MainLoop.cpp; path = src/core/MainLoop.cpp; sourceTree = "<group>"; };
		3CFE830B11DABA640010C829 /* MainLoop.h */ = {isa = PBXFileReference; fileEncoding = 4; lastKnownFileType = sourcecode.c.h; name = MainLoop.h; path = src/core/MainLoop.h; sourceTree = "<group>"; };
		3CFE830C11DABA640010C829 /* Stream.h */ = {isa = PBXFileReference; fileEncoding = 4; lastKnownFileType = sourcecode.c.h; name = Stream.h; path = src/core/Stream.h; sourceTree = "<group>"; };
		3CFE830E11DABA6D0010C829 /* TestPyramidRender.cpp */ = {isa = PBXFileReference; fileEncoding = 4; lastKnownFileType = sourcecode.cpp.cpp; name = TestPyramidRender.cpp; path = src/graphics/TestPyramidRender.cpp; sourceTree = "<group>"; };
		3CFE830F11DABA6D0010C829 /* TestPyramidRender.h */ = {isa = PBXFileReference; fileEncoding = 4; lastKnownFileType = sourcecode.c.h; name = TestPyramidRender.h; path = src/graphics/TestPyramidRender.h; sourceTree = "<group>"; };
		3CFE831311DABA930010C829 /* ResourceManager.cpp */ = {isa = PBXFileReference; fileEncoding = 4; lastKnownFileType = sourcecode.cpp.cpp; name = ResourceManager.cpp; path = src/Resource/ResourceManager.cpp; sourceTree = "<group>"; };
		3CFE831411DABA930010C829 /* ResourceManager.h */ = {isa = PBXFileReference; fileEncoding = 4; lastKnownFileType = sourcecode.c.h; name = ResourceManager.h; path = src/Resource/ResourceManager.h; sourceTree = "<group>"; };
		3CFE831511DABA930010C829 /* ResourceType.cpp */ = {isa = PBXFileReference; fileEncoding = 4; lastKnownFileType = sourcecode.cpp.cpp; name = ResourceType.cpp; path = src/Resource/ResourceType.cpp; sourceTree = "<group>"; };
		3CFE831611DABA930010C829 /* ResourceType.h */ = {isa = PBXFileReference; fileEncoding = 4; lastKnownFileType = sourcecode.c.h; name = ResourceType.h; path = src/Resource/ResourceType.h; sourceTree = "<group>"; };
		3CFE831911DABA9C0010C829 /* TestPyramid.cpp */ = {isa = PBXFileReference; fileEncoding = 4; lastKnownFileType = sourcecode.cpp.cpp; name = TestPyramid.cpp; path = src/scene/TestPyramid.cpp; sourceTree = "<group>"; };
		3CFE831A11DABA9C0010C829 /* TestPyramid.h */ = {isa = PBXFileReference; fileEncoding = 4; lastKnownFileType = sourcecode.c.h; name = TestPyramid.h; path = src/scene/TestPyramid.h; sourceTree = "<group>"; };
		8D1107310486CEB800E47090 /* MythrealEngine-Info.plist */ = {isa = PBXFileReference; fileEncoding = 4; lastKnownFileType = text.plist.xml; path = "MythrealEngine-Info.plist"; plistStructureDefinitionIdentifier = "com.apple.xcode.plist.structure-definition.iphone.info-plist"; sourceTree = "<group>"; };
/* End PBXFileReference section */

/* Begin PBXFrameworksBuildPhase section */
		1D60588F0D05DD3D006BFB54 /* Frameworks */ = {
			isa = PBXFrameworksBuildPhase;
			buildActionMask = 2147483647;
			files = (
				1D60589F0D05DD5A006BFB54 /* Foundation.framework in Frameworks */,
				1DF5F4E00D08C38300B7A737 /* UIKit.framework in Frameworks */,
				28FD15000DC6FC520079059D /* OpenGLES.framework in Frameworks */,
				28FD15080DC6FC5B0079059D /* QuartzCore.framework in Frameworks */,
				3C9B380211CE8B950025BD96 /* Accelerate.framework in Frameworks */,
				3CEB805611DE9C900040D29E /* CoreFoundation.framework in Frameworks */,
			);
			runOnlyForDeploymentPostprocessing = 0;
		};
/* End PBXFrameworksBuildPhase section */

/* Begin PBXGroup section */
		080E96DDFE201D6D7F000001 /* Classes */ = {
			isa = PBXGroup;
			children = (
				2514C26D10084DB100A42282 /* ES1Renderer.h */,
				2514C26E10084DB100A42282 /* ES1Renderer.mm */,
				2514C26F10084DB100A42282 /* ES2Renderer.h */,
				2514C27010084DB100A42282 /* ES2Renderer.mm */,
				2514C27110084DB100A42282 /* ESRenderer.h */,
				28FD14FC0DC6FC130079059D /* EAGLView.h */,
				28FD14FD0DC6FC130079059D /* EAGLView.mm */,
				1D3623240D0F684500981E51 /* trainsimAppDelegate.h */,
				1D3623250D0F684500981E51 /* trainsimAppDelegate.mm */,
			);
			path = Classes;
			sourceTree = "<group>";
		};
		19C28FACFE9D520D11CA2CBB /* Products */ = {
			isa = PBXGroup;
			children = (
				1D6058910D05DD3D006BFB54 /* MythrealEngine.app */,
			);
			name = Products;
			sourceTree = "<group>";
		};
		2514C27610084DB600A42282 /* Shaders */ = {
			isa = PBXGroup;
			children = (
				2514C27910084DCA00A42282 /* Shader.fsh */,
				2514C27A10084DCA00A42282 /* Shader.vsh */,
			);
			name = Shaders;
			sourceTree = "<group>";
		};
		29B97314FDCFA39411CA2CEA /* CustomTemplate */ = {
			isa = PBXGroup;
			children = (
				3C0FC23D1198966500F756DA /* sources */,
				080E96DDFE201D6D7F000001 /* Classes */,
				2514C27610084DB600A42282 /* Shaders */,
				29B97315FDCFA39411CA2CEA /* Other Sources */,
				29B97317FDCFA39411CA2CEA /* Resources */,
				29B97323FDCFA39411CA2CEA /* Frameworks */,
				19C28FACFE9D520D11CA2CBB /* Products */,
			);
			name = CustomTemplate;
			sourceTree = "<group>";
		};
		29B97315FDCFA39411CA2CEA /* Other Sources */ = {
			isa = PBXGroup;
			children = (
				32CA4F630368D1EE00C91783 /* MythrealEngine_Prefix.pch */,
				29B97316FDCFA39411CA2CEA /* main.m */,
			);
			name = "Other Sources";
			sourceTree = "<group>";
		};
		29B97317FDCFA39411CA2CEA /* Resources */ = {
			isa = PBXGroup;
			children = (
				28AD733E0D9D9553002E5188 /* MainWindow.xib */,
				8D1107310486CEB800E47090 /* MythrealEngine-Info.plist */,
				3C52880A120CA79200B04541 /* testship.m3d */,
			);
			name = Resources;
			sourceTree = "<group>";
		};
		29B97323FDCFA39411CA2CEA /* Frameworks */ = {
			isa = PBXGroup;
			children = (
				28FD15070DC6FC5B0079059D /* QuartzCore.framework */,
				28FD14FF0DC6FC520079059D /* OpenGLES.framework */,
				1DF5F4DF0D08C38300B7A737 /* UIKit.framework */,
				1D30AB110D05D00D00671497 /* Foundation.framework */,
				3C9B380111CE8B950025BD96 /* Accelerate.framework */,
				3CEB805511DE9C900040D29E /* CoreFoundation.framework */,
			);
			name = Frameworks;
			sourceTree = "<group>";
		};
		3C09981411D95863002BCA73 /* Resource */ = {
			isa = PBXGroup;
			children = (
				3CFE82F911DAB9DA0010C829 /* Resource.cpp */,
				3CFE82F811DAB9DA0010C829 /* Resource.h */,
				3CFE831311DABA930010C829 /* ResourceManager.cpp */,
				3CFE831411DABA930010C829 /* ResourceManager.h */,
				3CFE831511DABA930010C829 /* ResourceType.cpp */,
				3CFE831611DABA930010C829 /* ResourceType.h */,
			);
			name = Resource;
			sourceTree = "<group>";
		};
		3C0FC23D1198966500F756DA /* sources */ = {
			isa = PBXGroup;
			children = (
				3C09981411D95863002BCA73 /* Resource */,
				3CC702D9119ADB4400A21658 /* scene */,
				3CC702D8119ADAB200A21658 /* graphics */,
				3C0FC24611989A4C00F756DA /* core */,
				3C0FC24511989A3E00F756DA /* math */,
			);
			name = sources;
			sourceTree = "<group>";
		};
		3C0FC24511989A3E00F756DA /* math */ = {
			isa = PBXGroup;
			children = (
				3C0FC240119896D300F756DA /* Matrix.h */,
				3C0FC241119896D300F756DA /* Matrix.cpp */,
				3C0FC25F1198A21000F756DA /* Vector.h */,
				3C0FC2601198A21000F756DA /* Vector.cpp */,
			);
			name = math;
			sourceTree = "<group>";
		};
		3C0FC24611989A4C00F756DA /* core */ = {
			isa = PBXGroup;
			children = (
				3CFE830611DABA560010C829 /* FileStream.cpp */,
				3CFE830711DABA560010C829 /* FileStream.h */,
				3CFE830911DABA5C0010C829 /* Globals.h */,
				3CFE830A11DABA640010C829 /* MainLoop.cpp */,
				3CFE830B11DABA640010C829 /* MainLoop.h */,
				3CFE830C11DABA640010C829 /* Stream.h */,
				3C0FC24A11989A8100F756DA /* Types.h */,
			);
			name = core;
			sourceTree = "<group>";
		};
		3CC702D8119ADAB200A21658 /* graphics */ = {
			isa = PBXGroup;
			children = (
				3CC702DD119ADBED00A21658 /* TerrainRender.cpp */,
				3CC702DC119ADBED00A21658 /* TerrainRender.h */,
				3CDA4CB1120C768300B81D3F /* testm3drender.cpp */,
				3CDA4CB2120C768300B81D3F /* testm3drender.h */,
				3CFE830E11DABA6D0010C829 /* TestPyramidRender.cpp */,
				3CFE830F11DABA6D0010C829 /* TestPyramidRender.h */,
			);
			name = graphics;
			sourceTree = "<group>";
		};
		3CC702D9119ADB4400A21658 /* scene */ = {
			isa = PBXGroup;
			children = (
				3CDA4CAE120C75B100B81D3F /* testm3d.cpp */,
				3CDA4CAF120C75B100B81D3F /* testm3d.h */,
				3CFE831911DABA9C0010C829 /* TestPyramid.cpp */,
				3CFE831A11DABA9C0010C829 /* TestPyramid.h */,
			);
			name = scene;
			sourceTree = "<group>";
		};
/* End PBXGroup section */

/* Begin PBXNativeTarget section */
		1D6058900D05DD3D006BFB54 /* MythrealEngine */ = {
			isa = PBXNativeTarget;
			buildConfigurationList = 1D6058960D05DD3E006BFB54 /* Build configuration list for PBXNativeTarget "MythrealEngine" */;
			buildPhases = (
				1D60588D0D05DD3D006BFB54 /* Resources */,
				1D60588E0D05DD3D006BFB54 /* Sources */,
				1D60588F0D05DD3D006BFB54 /* Frameworks */,
			);
			buildRules = (
			);
			dependencies = (
			);
			name = MythrealEngine;
			productName = trainsim;
			productReference = 1D6058910D05DD3D006BFB54 /* MythrealEngine.app */;
			productType = "com.apple.product-type.application";
		};
/* End PBXNativeTarget section */

/* Begin PBXProject section */
		29B97313FDCFA39411CA2CEA /* Project object */ = {
			isa = PBXProject;
			buildConfigurationList = C01FCF4E08A954540054247B /* Build configuration list for PBXProject "MythrealEngine" */;
			compatibilityVersion = "Xcode 3.1";
			developmentRegion = English;
			hasScannedForEncodings = 1;
			knownRegions = (
				en,
			);
			mainGroup = 29B97314FDCFA39411CA2CEA /* CustomTemplate */;
			projectDirPath = "";
			projectRoot = "";
			targets = (
				1D6058900D05DD3D006BFB54 /* MythrealEngine */,
			);
		};
/* End PBXProject section */

/* Begin PBXResourcesBuildPhase section */
		1D60588D0D05DD3D006BFB54 /* Resources */ = {
			isa = PBXResourcesBuildPhase;
			buildActionMask = 2147483647;
			files = (
				2514C27B10084DCA00A42282 /* Shader.fsh in Resources */,
				2514C27C10084DCA00A42282 /* Shader.vsh in Resources */,
				28AD733F0D9D9553002E5188 /* MainWindow.xib in Resources */,
				3C52880B120CA79200B04541 /* testship.m3d in Resources */,
			);
			runOnlyForDeploymentPostprocessing = 0;
		};
/* End PBXResourcesBuildPhase section */

/* Begin PBXSourcesBuildPhase section */
		1D60588E0D05DD3D006BFB54 /* Sources */ = {
			isa = PBXSourcesBuildPhase;
			buildActionMask = 2147483647;
			files = (
				1D60589B0D05DD56006BFB54 /* main.m in Sources */,
				1D3623260D0F684500981E51 /* trainsimAppDelegate.mm in Sources */,
				28FD14FE0DC6FC130079059D /* EAGLView.mm in Sources */,
				3CD8BF0111A72A7A000ECE51 /* ES1Renderer.mm in Sources */,
				2514C27310084DB100A42282 /* ES2Renderer.mm in Sources */,
				3C0FC242119896D300F756DA /* Matrix.cpp in Sources */,
				3C0FC2611198A21000F756DA /* Vector.cpp in Sources */,
				3CC702DE119ADBED00A21658 /* TerrainRender.cpp in Sources */,
				3CFE82FA11DAB9DA0010C829 /* Resource.cpp in Sources */,
				3CFE830811DABA560010C829 /* FileStream.cpp in Sources */,
				3CFE830D11DABA640010C829 /* MainLoop.cpp in Sources */,
				3CFE831011DABA6D0010C829 /* TestPyramidRender.cpp in Sources */,
				3CFE831711DABA930010C829 /* ResourceManager.cpp in Sources */,
				3CFE831811DABA930010C829 /* ResourceType.cpp in Sources */,
				3CFE831B11DABA9C0010C829 /* TestPyramid.cpp in Sources */,
			);
			runOnlyForDeploymentPostprocessing = 0;
		};
/* End PBXSourcesBuildPhase section */

/* Begin XCBuildConfiguration section */
		1D6058940D05DD3E006BFB54 /* Debug */ = {
			isa = XCBuildConfiguration;
			buildSettings = {
				ALWAYS_SEARCH_USER_PATHS = NO;
				COPY_PHASE_STRIP = NO;
				GCC_DYNAMIC_NO_PIC = NO;
				GCC_OPTIMIZATION_LEVEL = 0;
				GCC_PRECOMPILE_PREFIX_HEADER = YES;
				GCC_PREFIX_HEADER = MythrealEngine_Prefix.pch;
				"GCC_THUMB_SUPPORT[arch=armv6]" = "";
				GCC_VERSION = com.apple.compilers.llvm.clang.1_0;
				INFOPLIST_FILE = "MythrealEngine-Info.plist";
				PRODUCT_NAME = MythrealEngine;
			};
			name = Debug;
		};
		1D6058950D05DD3E006BFB54 /* Release */ = {
			isa = XCBuildConfiguration;
			buildSettings = {
				ALWAYS_SEARCH_USER_PATHS = NO;
				COPY_PHASE_STRIP = YES;
				GCC_PRECOMPILE_PREFIX_HEADER = YES;
				GCC_PREFIX_HEADER = MythrealEngine_Prefix.pch;
				"GCC_THUMB_SUPPORT[arch=armv6]" = "";
				GCC_VERSION = com.apple.compilers.llvm.clang.1_0;
				INFOPLIST_FILE = "MythrealEngine-Info.plist";
				PRODUCT_NAME = MythrealEngine;
				VALIDATE_PRODUCT = YES;
			};
			name = Release;
		};
		C01FCF4F08A954540054247B /* Debug */ = {
			isa = XCBuildConfiguration;
			buildSettings = {
				ARCHS = "$(ARCHS_STANDARD_32_BIT)";
				CODE_SIGN_IDENTITY = "iPhone Developer";
				"CODE_SIGN_IDENTITY[sdk=iphoneos4.0]" = "iPhone Developer: Stephen Ewell (78GAHDTXWY)";
				GCC_C_LANGUAGE_STANDARD = c99;
				GCC_PREPROCESSOR_DEFINITIONS = DEBUG;
				GCC_THUMB_SUPPORT = YES;
				GCC_VERSION = "";
				GCC_WARN_ABOUT_RETURN_TYPE = YES;
				GCC_WARN_UNUSED_VARIABLE = YES;
				IPHONEOS_DEPLOYMENT_TARGET = 4.0;
				PREBINDING = NO;
				PROVISIONING_PROFILE = "";
				"PROVISIONING_PROFILE[sdk=iphoneos4.0]" = "BA19CD97-69AE-46DB-A7D4-584340BC111A";
				SDKROOT = iphoneos4.1;
			};
			name = Debug;
		};
		C01FCF5008A954540054247B /* Release */ = {
			isa = XCBuildConfiguration;
			buildSettings = {
				ARCHS = "$(ARCHS_STANDARD_32_BIT)";
				CODE_SIGN_IDENTITY = "iPhone Developer";
				"CODE_SIGN_IDENTITY[sdk=iphoneos4.0]" = "iPhone Developer: Stephen Ewell (78GAHDTXWY)";
				GCC_C_LANGUAGE_STANDARD = c99;
				GCC_GENERATE_DEBUGGING_SYMBOLS = NO;
				GCC_THUMB_SUPPORT = NO;
				GCC_VERSION = "";
				GCC_WARN_ABOUT_RETURN_TYPE = YES;
				GCC_WARN_UNUSED_VARIABLE = YES;
				IPHONEOS_DEPLOYMENT_TARGET = 4.0;
				OTHER_CFLAGS = "-DNS_BLOCK_ASSERTIONS=1";
				PREBINDING = NO;
				PROVISIONING_PROFILE = "";
				"PROVISIONING_PROFILE[sdk=iphoneos4.0]" = "BA19CD97-69AE-46DB-A7D4-584340BC111A";
				SDKROOT = iphoneos4.1;
			};
			name = Release;
		};
/* End XCBuildConfiguration section */

/* Begin XCConfigurationList section */
		1D6058960D05DD3E006BFB54 /* Build configuration list for PBXNativeTarget "MythrealEngine" */ = {
			isa = XCConfigurationList;
			buildConfigurations = (
				1D6058940D05DD3E006BFB54 /* Debug */,
				1D6058950D05DD3E006BFB54 /* Release */,
			);
			defaultConfigurationIsVisible = 0;
			defaultConfigurationName = Release;
		};
		C01FCF4E08A954540054247B /* Build configuration list for PBXProject "MythrealEngine" */ = {
			isa = XCConfigurationList;
			buildConfigurations = (
				C01FCF4F08A954540054247B /* Debug */,
				C01FCF5008A954540054247B /* Release */,
			);
			defaultConfigurationIsVisible = 0;
			defaultConfigurationName = Release;
		};
/* End XCConfigurationList section */
	};
	rootObject = 29B97313FDCFA39411CA2CEA /* Project object */;
}
